// !$*UTF8*$!
{
	archiveVersion = 1;
	classes = {
	};
	objectVersion = 46;
	objects = {

/* Begin PBXBuildFile section */
		8F386D6D1D7F395C002FA35C /* AppDelegate.swift in Sources */ = {isa = PBXBuildFile; fileRef = 8F386D6C1D7F395C002FA35C /* AppDelegate.swift */; };
		8F386D6F1D7F395C002FA35C /* ViewController.swift in Sources */ = {isa = PBXBuildFile; fileRef = 8F386D6E1D7F395C002FA35C /* ViewController.swift */; };
		8F386D721D7F395C002FA35C /* Main.storyboard in Resources */ = {isa = PBXBuildFile; fileRef = 8F386D701D7F395C002FA35C /* Main.storyboard */; };
		8F386D741D7F395C002FA35C /* Assets.xcassets in Resources */ = {isa = PBXBuildFile; fileRef = 8F386D731D7F395C002FA35C /* Assets.xcassets */; };
		8F386D771D7F395C002FA35C /* LaunchScreen.storyboard in Resources */ = {isa = PBXBuildFile; fileRef = 8F386D751D7F395C002FA35C /* LaunchScreen.storyboard */; };
/* End PBXBuildFile section */

/* Begin PBXFileReference section */
		8F386D691D7F395C002FA35C /* swift-fizzbuzz.app */ = {isa = PBXFileReference; explicitFileType = wrapper.application; includeInIndex = 0; path = "swift-fizzbuzz.app"; sourceTree = BUILT_PRODUCTS_DIR; };
		8F386D6C1D7F395C002FA35C /* AppDelegate.swift */ = {isa = PBXFileReference; lastKnownFileType = sourcecode.swift; path = AppDelegate.swift; sourceTree = "<group>"; };
		8F386D6E1D7F395C002FA35C /* ViewController.swift */ = {isa = PBXFileReference; lastKnownFileType = sourcecode.swift; path = ViewController.swift; sourceTree = "<group>"; };
		8F386D711D7F395C002FA35C /* Base */ = {isa = PBXFileReference; lastKnownFileType = file.storyboard; name = Base; path = Base.lproj/Main.storyboard; sourceTree = "<group>"; };
		8F386D731D7F395C002FA35C /* Assets.xcassets */ = {isa = PBXFileReference; lastKnownFileType = folder.assetcatalog; path = Assets.xcassets; sourceTree = "<group>"; };
		8F386D761D7F395C002FA35C /* Base */ = {isa = PBXFileReference; lastKnownFileType = file.storyboard; name = Base; path = Base.lproj/LaunchScreen.storyboard; sourceTree = "<group>"; };
		8F386D781D7F395C002FA35C /* Info.plist */ = {isa = PBXFileReference; lastKnownFileType = text.plist.xml; path = Info.plist; sourceTree = "<group>"; };
/* End PBXFileReference section */

/* Begin PBXFrameworksBuildPhase section */
		8F386D661D7F395C002FA35C /* Frameworks */ = {
			isa = PBXFrameworksBuildPhase;
			buildActionMask = 2147483647;
			files = (
			);
			runOnlyForDeploymentPostprocessing = 0;
		};
/* End PBXFrameworksBuildPhase section */

/* Begin PBXGroup section */
		8F386D601D7F395C002FA35C = {
			isa = PBXGroup;
			children = (
				8F386D6B1D7F395C002FA35C /* swift-fizzbuzz */,
				8F386D6A1D7F395C002FA35C /* Products */,
			);
			sourceTree = "<group>";
		};
		8F386D6A1D7F395C002FA35C /* Products */ = {
			isa = PBXGroup;
			children = (
				8F386D691D7F395C002FA35C /* swift-fizzbuzz.app */,
			);
			name = Products;
			sourceTree = "<group>";
		};
		8F386D6B1D7F395C002FA35C /* swift-fizzbuzz */ = {
			isa = PBXGroup;
			children = (
				8F386D6C1D7F395C002FA35C /* AppDelegate.swift */,
				8F386D6E1D7F395C002FA35C /* ViewController.swift */,
				8F386D701D7F395C002FA35C /* Main.storyboard */,
				8F386D731D7F395C002FA35C /* Assets.xcassets */,
				8F386D751D7F395C002FA35C /* LaunchScreen.storyboard */,
				8F386D781D7F395C002FA35C /* Info.plist */,
			);
			path = "swift-fizzbuzz";
			sourceTree = "<group>";
		};
/* End PBXGroup section */

/* Begin PBXNativeTarget section */
		8F386D681D7F395C002FA35C /* swift-fizzbuzz */ = {
			isa = PBXNativeTarget;
			buildConfigurationList = 8F386D7B1D7F395C002FA35C /* Build configuration list for PBXNativeTarget "swift-fizzbuzz" */;
			buildPhases = (
				8F386D651D7F395C002FA35C /* Sources */,
				8F386D661D7F395C002FA35C /* Frameworks */,
				8F386D671D7F395C002FA35C /* Resources */,
			);
			buildRules = (
			);
			dependencies = (
			);
			name = "swift-fizzbuzz";
			productName = "swift-fizzbuzz";
			productReference = 8F386D691D7F395C002FA35C /* swift-fizzbuzz.app */;
			productType = "com.apple.product-type.application";
		};
/* End PBXNativeTarget section */

/* Begin PBXProject section */
		8F386D611D7F395C002FA35C /* Project object */ = {
			isa = PBXProject;
			attributes = {
				LastSwiftUpdateCheck = 0730;
				LastUpgradeCheck = 0730;
				ORGANIZATIONNAME = "Johann Kerr";
				TargetAttributes = {
					8F386D681D7F395C002FA35C = {
						CreatedOnToolsVersion = 7.3.1;
					};
				};
			};
			buildConfigurationList = 8F386D641D7F395C002FA35C /* Build configuration list for PBXProject "swift-fizzbuzz" */;
			compatibilityVersion = "Xcode 3.2";
			developmentRegion = English;
			hasScannedForEncodings = 0;
			knownRegions = (
				en,
				Base,
			);
			mainGroup = 8F386D601D7F395C002FA35C;
			productRefGroup = 8F386D6A1D7F395C002FA35C /* Products */;
			projectDirPath = "";
			projectRoot = "";
			targets = (
				8F386D681D7F395C002FA35C /* swift-fizzbuzz */,
			);
		};
/* End PBXProject section */

/* Begin PBXResourcesBuildPhase section */
		8F386D671D7F395C002FA35C /* Resources */ = {
			isa = PBXResourcesBuildPhase;
			buildActionMask = 2147483647;
			files = (
				8F386D771D7F395C002FA35C /* LaunchScreen.storyboard in Resources */,
				8F386D741D7F395C002FA35C /* Assets.xcassets in Resources */,
				8F386D721D7F395C002FA35C /* Main.storyboard in Resources */,
			);
			runOnlyForDeploymentPostprocessing = 0;
		};
/* End PBXResourcesBuildPhase section */

/* Begin PBXSourcesBuildPhase section */
		8F386D651D7F395C002FA35C /* Sources */ = {
			isa = PBXSourcesBuildPhase;
			buildActionMask = 2147483647;
			files = (
				8F386D6F1D7F395C002FA35C /* ViewController.swift in Sources */,
				8F386D6D1D7F395C002FA35C /* AppDelegate.swift in Sources */,
			);
			runOnlyForDeploymentPostprocessing = 0;
		};
/* End PBXSourcesBuildPhase section */

/* Begin PBXVariantGroup section */
		8F386D701D7F395C002FA35C /* Main.storyboard */ = {
			isa = PBXVariantGroup;
			children = (
				8F386D711D7F395C002FA35C /* Base */,
			);
			name = Main.storyboard;
			sourceTree = "<group>";
		};
		8F386D751D7F395C002FA35C /* LaunchScreen.storyboard */ = {
			isa = PBXVariantGroup;
			children = (
				8F386D761D7F395C002FA35C /* Base */,
			);
			name = LaunchScreen.storyboard;
			sourceTree = "<group>";
		};
/* End PBXVariantGroup section */

/* Begin XCBuildConfiguration section */
		8F386D791D7F395C002FA35C /* Debug */ = {
			isa = XCBuildConfiguration;
			buildSettings = {
				ALWAYS_SEARCH_USER_PATHS = NO;
				CLANG_ANALYZER_NONNULL = YES;
				CLANG_CXX_LANGUAGE_STANDARD = "gnu++0x";
				CLANG_CXX_LIBRARY = "libc++";
				CLANG_ENABLE_MODULES = YES;
				CLANG_ENABLE_OBJC_ARC = YES;
				CLANG_WARN_BOOL_CONVERSION = YES;
				CLANG_WARN_CONSTANT_CONVERSION = YES;
				CLANG_WARN_DIRECT_OBJC_ISA_USAGE = YES_ERROR;
				CLANG_WARN_EMPTY_BODY = YES;
				CLANG_WARN_ENUM_CONVERSION = YES;
				CLANG_WARN_INT_CONVERSION = YES;
				CLANG_WARN_OBJC_ROOT_CLASS = YES_ERROR;
				CLANG_WARN_UNREACHABLE_CODE = YES;
				CLANG_WARN__DUPLICATE_METHOD_MATCH = YES;
				"CODE_SIGN_IDENTITY[sdk=iphoneos*]" = "iPhone Developer";
				COPY_PHASE_STRIP = NO;
				DEBUG_INFORMATION_FORMAT = dwarf;
				ENABLE_STRICT_OBJC_MSGSEND = YES;
				ENABLE_TESTABILITY = YES;
				GCC_C_LANGUAGE_STANDARD = gnu99;
				GCC_DYNAMIC_NO_PIC = NO;
				GCC_NO_COMMON_BLOCKS = YES;
				GCC_OPTIMIZATION_LEVEL = 0;
				GCC_PREPROCESSOR_DEFINITIONS = (
					"DEBUG=1",
					"$(inherited)",
				);
				GCC_WARN_64_TO_32_BIT_CONVERSION = YES;
				GCC_WARN_ABOUT_RETURN_TYPE = YES_ERROR;
				GCC_WARN_UNDECLARED_SELECTOR = YES;
				GCC_WARN_UNINITIALIZED_AUTOS = YES_AGGRESSIVE;
				GCC_WARN_UNUSED_FUNCTION = YES;
				GCC_WARN_UNUSED_VARIABLE = YES;
				IPHONEOS_DEPLOYMENT_TARGET = 9.3;
				MTL_ENABLE_DEBUG_INFO = YES;
				ONLY_ACTIVE_ARCH = YES;
				SDKROOT = iphoneos;
				SWIFT_OPTIMIZATION_LEVEL = "-Onone";
			};
			name = Debug;
		};
		8F386D7A1D7F395C002FA35C /* Release */ = {
			isa = XCBuildConfiguration;
			buildSettings = {
				ALWAYS_SEARCH_USER_PATHS = NO;
				CLANG_ANALYZER_NONNULL = YES;
				CLANG_CXX_LANGUAGE_STANDARD = "gnu++0x";
				CLANG_CXX_LIBRARY = "libc++";
				CLANG_ENABLE_MODULES = YES;
				CLANG_ENABLE_OBJC_ARC = YES;
				CLANG_WARN_BOOL_CONVERSION = YES;
				CLANG_WARN_CONSTANT_CONVERSION = YES;
				CLANG_WARN_DIRECT_OBJC_ISA_USAGE = YES_ERROR;
				CLANG_WARN_EMPTY_BODY = YES;
				CLANG_WARN_ENUM_CONVERSION = YES;
				CLANG_WARN_INT_CONVERSION = YES;
				CLANG_WARN_OBJC_ROOT_CLASS = YES_ERROR;
				CLANG_WARN_UNREACHABLE_CODE = YES;
				CLANG_WARN__DUPLICATE_METHOD_MATCH = YES;
				"CODE_SIGN_IDENTITY[sdk=iphoneos*]" = "iPhone Developer";
				COPY_PHASE_STRIP = NO;
				DEBUG_INFORMATION_FORMAT = "dwarf-with-dsym";
				ENABLE_NS_ASSERTIONS = NO;
				ENABLE_STRICT_OBJC_MSGSEND = YES;
				GCC_C_LANGUAGE_STANDARD = gnu99;
				GCC_NO_COMMON_BLOCKS = YES;
				GCC_WARN_64_TO_32_BIT_CONVERSION = YES;
				GCC_WARN_ABOUT_RETURN_TYPE = YES_ERROR;
				GCC_WARN_UNDECLARED_SELECTOR = YES;
				GCC_WARN_UNINITIALIZED_AUTOS = YES_AGGRESSIVE;
				GCC_WARN_UNUSED_FUNCTION = YES;
				GCC_WARN_UNUSED_VARIABLE = YES;
				IPHONEOS_DEPLOYMENT_TARGET = 9.3;
				MTL_ENABLE_DEBUG_INFO = NO;
				SDKROOT = iphoneos;
				VALIDATE_PRODUCT = YES;
			};
			name = Release;
		};
		8F386D7C1D7F395C002FA35C /* Debug */ = {
			isa = XCBuildConfiguration;
			buildSettings = {
				ASSETCATALOG_COMPILER_APPICON_NAME = AppIcon;
				INFOPLIST_FILE = "swift-fizzbuzz/Info.plist";
				LD_RUNPATH_SEARCH_PATHS = "$(inherited) @executable_path/Frameworks";
				PRODUCT_BUNDLE_IDENTIFIER = "com.johannkerr.swift-fizzbuzz";
				PRODUCT_NAME = "$(TARGET_NAME)";
			};
			name = Debug;
		};
		8F386D7D1D7F395C002FA35C /* Release */ = {
			isa = XCBuildConfiguration;
			buildSettings = {
				ASSETCATALOG_COMPILER_APPICON_NAME = AppIcon;
				INFOPLIST_FILE = "swift-fizzbuzz/Info.plist";
				LD_RUNPATH_SEARCH_PATHS = "$(inherited) @executable_path/Frameworks";
				PRODUCT_BUNDLE_IDENTIFIER = "com.johannkerr.swift-fizzbuzz";
				PRODUCT_NAME = "$(TARGET_NAME)";
			};
			name = Release;
		};
/* End XCBuildConfiguration section */

/* Begin XCConfigurationList section */
		8F386D641D7F395C002FA35C /* Build configuration list for PBXProject "swift-fizzbuzz" */ = {
			isa = XCConfigurationList;
			buildConfigurations = (
				8F386D791D7F395C002FA35C /* Debug */,
				8F386D7A1D7F395C002FA35C /* Release */,
			);
			defaultConfigurationIsVisible = 0;
			defaultConfigurationName = Release;
		};
		8F386D7B1D7F395C002FA35C /* Build configuration list for PBXNativeTarget "swift-fizzbuzz" */ = {
			isa = XCConfigurationList;
			buildConfigurations = (
				8F386D7C1D7F395C002FA35C /* Debug */,
				8F386D7D1D7F395C002FA35C /* Release */,
			);
			defaultConfigurationIsVisible = 0;
		};
/* End XCConfigurationList section */
	};
	rootObject = 8F386D611D7F395C002FA35C /* Project object */;
}
